{
  "lockfileVersion": 1,
  "configVersion": 1,
  "workspaces": {
    "": {
      "name": "foo-bar-baz-qux",
      "dependencies": {
        "libnpmpack": "^9.0.10",
        "libnpmpublish": "^11.1.3",
        "semver": "^7.7.3",
      },
      "devDependencies": {
        "@biomejs/biome": "^2",
        "@types/bun": "latest",
        "biome-config-xaxa": "^0.2.1",
        "ultracite": "^5",
      },
      "peerDependencies": {
        "typescript": "^5",
      },
    },
  },
  "packages": {
    "@biomejs/biome": ["@biomejs/biome@2.3.7", "", { "optionalDependencies": { "@biomejs/cli-darwin-arm64": "2.3.7", "@biomejs/cli-darwin-x64": "2.3.7", "@biomejs/cli-linux-arm64": "2.3.7", "@biomejs/cli-linux-arm64-musl": "2.3.7", "@biomejs/cli-linux-x64": "2.3.7", "@biomejs/cli-linux-x64-musl": "2.3.7", "@biomejs/cli-win32-arm64": "2.3.7", "@biomejs/cli-win32-x64": "2.3.7" }, "bin": { "biome": "bin/biome" } }, "sha512-CTbAS/jNAiUc6rcq94BrTB8z83O9+BsgWj2sBCQg9rD6Wkh2gjfR87usjx0Ncx0zGXP1NKgT7JNglay5Zfs9jw=="],

    "@biomejs/cli-darwin-arm64": ["@biomejs/cli-darwin-arm64@2.3.7", "", { "os": "darwin", "cpu": "arm64" }, "sha512-LirkamEwzIUULhXcf2D5b+NatXKeqhOwilM+5eRkbrnr6daKz9rsBL0kNZ16Hcy4b8RFq22SG4tcLwM+yx/wFA=="],

    "@biomejs/cli-darwin-x64": ["@biomejs/cli-darwin-x64@2.3.7", "", { "os": "darwin", "cpu": "x64" }, "sha512-Q4TO633kvrMQkKIV7wmf8HXwF0dhdTD9S458LGE24TYgBjSRbuhvio4D5eOQzirEYg6eqxfs53ga/rbdd8nBKg=="],

    "@biomejs/cli-linux-arm64": ["@biomejs/cli-linux-arm64@2.3.7", "", { "os": "linux", "cpu": "arm64" }, "sha512-inHOTdlstUBzgjDcx0ge71U4SVTbwAljmkfi3MC5WzsYCRhancqfeL+sa4Ke6v2ND53WIwCFD5hGsYExoI3EZQ=="],

    "@biomejs/cli-linux-arm64-musl": ["@biomejs/cli-linux-arm64-musl@2.3.7", "", { "os": "linux", "cpu": "arm64" }, "sha512-/afy8lto4CB8scWfMdt+NoCZtatBUF62Tk3ilWH2w8ENd5spLhM77zKlFZEvsKJv9AFNHknMl03zO67CiklL2Q=="],

    "@biomejs/cli-linux-x64": ["@biomejs/cli-linux-x64@2.3.7", "", { "os": "linux", "cpu": "x64" }, "sha512-fJMc3ZEuo/NaMYo5rvoWjdSS5/uVSW+HPRQujucpZqm2ZCq71b8MKJ9U4th9yrv2L5+5NjPF0nqqILCl8HY/fg=="],

    "@biomejs/cli-linux-x64-musl": ["@biomejs/cli-linux-x64-musl@2.3.7", "", { "os": "linux", "cpu": "x64" }, "sha512-CQUtgH1tIN6e5wiYSJqzSwJumHYolNtaj1dwZGCnZXm2PZU1jOJof9TsyiP3bXNDb+VOR7oo7ZvY01If0W3iFQ=="],

    "@biomejs/cli-win32-arm64": ["@biomejs/cli-win32-arm64@2.3.7", "", { "os": "win32", "cpu": "arm64" }, "sha512-aJAE8eCNyRpcfx2JJAtsPtISnELJ0H4xVVSwnxm13bzI8RwbXMyVtxy2r5DV1xT3WiSP+7LxORcApWw0LM8HiA=="],

    "@biomejs/cli-win32-x64": ["@biomejs/cli-win32-x64@2.3.7", "", { "os": "win32", "cpu": "x64" }, "sha512-pulzUshqv9Ed//MiE8MOUeeEkbkSHVDVY5Cz5wVAnH1DUqliCQG3j6s1POaITTFqFfo7AVIx2sWdKpx/GS+Nqw=="],

    "@clack/core": ["@clack/core@0.5.0", "", { "dependencies": { "picocolors": "^1.0.0", "sisteransi": "^1.0.5" } }, "sha512-p3y0FIOwaYRUPRcMO7+dlmLh8PSRcrjuTndsiA0WAFbWES0mLZlrjVoBRZ9DzkPFJZG6KGkJmoEAY0ZcVWTkow=="],

    "@clack/prompts": ["@clack/prompts@0.11.0", "", { "dependencies": { "@clack/core": "0.5.0", "picocolors": "^1.0.0", "sisteransi": "^1.0.5" } }, "sha512-pMN5FcrEw9hUkZA4f+zLlzivQSeQf5dRGJjSUbvVYDLvpKCdQx5OaknvKzgbtXOizhP+SJJJjqEbOe55uKKfAw=="],

    "@isaacs/balanced-match": ["@isaacs/balanced-match@4.0.1", "", {}, "sha512-yzMTt9lEb8Gv7zRioUilSglI0c0smZ9k5D65677DLWLtWJaXIS3CqcGyUFByYKlnUj6TkjLVs54fBl6+TiGQDQ=="],

    "@isaacs/brace-expansion": ["@isaacs/brace-expansion@5.0.0", "", { "dependencies": { "@isaacs/balanced-match": "^4.0.1" } }, "sha512-ZT55BDLV0yv0RBm2czMiZ+SqCGO7AvmOM3G/w2xhVPH+te0aKgFjmBvGlL1dH+ql2tgGO3MVrbb3jCKyvpgnxA=="],

    "@isaacs/fs-minipass": ["@isaacs/fs-minipass@4.0.1", "", { "dependencies": { "minipass": "^7.0.4" } }, "sha512-wgm9Ehl2jpeqP3zw/7mo3kRHFp5MEDhqAdwy1fTGkHAwnkGOVsgpvQhL8B5n1qlb01jV3n/bI0ZfZp5lWA1k4w=="],

    "@isaacs/string-locale-compare": ["@isaacs/string-locale-compare@1.1.0", "", {}, "sha512-SQ7Kzhh9+D+ZW9MA0zkYv3VXhIDNx+LzM6EJ+/65I3QY+enU6Itte7E5XX7EWrqLW2FN4n06GWzBnPoC3th2aQ=="],

    "@npmcli/agent": ["@npmcli/agent@4.0.0", "", { "dependencies": { "agent-base": "^7.1.0", "http-proxy-agent": "^7.0.0", "https-proxy-agent": "^7.0.1", "lru-cache": "^11.2.1", "socks-proxy-agent": "^8.0.3" } }, "sha512-kAQTcEN9E8ERLVg5AsGwLNoFb+oEG6engbqAU2P43gD4JEIkNGMHdVQ096FsOAAYpZPB0RSt0zgInKIAS1l5QA=="],

    "@npmcli/arborist": ["@npmcli/arborist@9.1.7", "", { "dependencies": { "@isaacs/string-locale-compare": "^1.1.0", "@npmcli/fs": "^4.0.0", "@npmcli/installed-package-contents": "^4.0.0", "@npmcli/map-workspaces": "^5.0.0", "@npmcli/metavuln-calculator": "^9.0.2", "@npmcli/name-from-folder": "^4.0.0", "@npmcli/node-gyp": "^5.0.0", "@npmcli/package-json": "^7.0.0", "@npmcli/query": "^4.0.0", "@npmcli/redact": "^4.0.0", "@npmcli/run-script": "^10.0.0", "bin-links": "^6.0.0", "cacache": "^20.0.1", "common-ancestor-path": "^1.0.1", "hosted-git-info": "^9.0.0", "json-stringify-nice": "^1.1.4", "lru-cache": "^11.2.1", "minimatch": "^10.0.3", "nopt": "^8.0.0", "npm-install-checks": "^8.0.0", "npm-package-arg": "^13.0.0", "npm-pick-manifest": "^11.0.1", "npm-registry-fetch": "^19.0.0", "pacote": "^21.0.2", "parse-conflict-json": "^5.0.1", "proc-log": "^6.0.0", "proggy": "^3.0.0", "promise-all-reject-late": "^1.0.0", "promise-call-limit": "^3.0.1", "semver": "^7.3.7", "ssri": "^13.0.0", "treeverse": "^3.0.0", "walk-up-path": "^4.0.0" }, "bin": { "arborist": "bin/index.js" } }, "sha512-Qz/PbocuzbIk8T8+92zoI5Yt3mqYaCUgUxSQgMcJOxA4PsMOlExamXmn6Q+3TOyqBepXTszsWtuO5FCk7wzajg=="],

    "@npmcli/fs": ["@npmcli/fs@4.0.0", "", { "dependencies": { "semver": "^7.3.5" } }, "sha512-/xGlezI6xfGO9NwuJlnwz/K14qD1kCSAGtacBHnGzeAIuJGazcp45KP5NuyARXoKb7cwulAGWVsbeSxdG/cb0Q=="],

    "@npmcli/git": ["@npmcli/git@7.0.1", "", { "dependencies": { "@npmcli/promise-spawn": "^9.0.0", "ini": "^6.0.0", "lru-cache": "^11.2.1", "npm-pick-manifest": "^11.0.1", "proc-log": "^6.0.0", "promise-retry": "^2.0.1", "semver": "^7.3.5", "which": "^6.0.0" } }, "sha512-+XTFxK2jJF/EJJ5SoAzXk3qwIDfvFc5/g+bD274LZ7uY7LE8sTfG6Z8rOanPl2ZEvZWqNvmEdtXC25cE54VcoA=="],

    "@npmcli/installed-package-contents": ["@npmcli/installed-package-contents@4.0.0", "", { "dependencies": { "npm-bundled": "^5.0.0", "npm-normalize-package-bin": "^5.0.0" }, "bin": { "installed-package-contents": "bin/index.js" } }, "sha512-yNyAdkBxB72gtZ4GrwXCM0ZUedo9nIbOMKfGjt6Cu6DXf0p8y1PViZAKDC8q8kv/fufx0WTjRBdSlyrvnP7hmA=="],

    "@npmcli/map-workspaces": ["@npmcli/map-workspaces@5.0.3", "", { "dependencies": { "@npmcli/name-from-folder": "^4.0.0", "@npmcli/package-json": "^7.0.0", "glob": "^13.0.0", "minimatch": "^10.0.3" } }, "sha512-o2grssXo1e774E5OtEwwrgoszYRh0lqkJH+Pb9r78UcqdGJRDRfhpM8DvZPjzNLLNYeD/rNbjOKM3Ss5UABROw=="],

    "@npmcli/metavuln-calculator": ["@npmcli/metavuln-calculator@9.0.3", "", { "dependencies": { "cacache": "^20.0.0", "json-parse-even-better-errors": "^5.0.0", "pacote": "^21.0.0", "proc-log": "^6.0.0", "semver": "^7.3.5" } }, "sha512-94GLSYhLXF2t2LAC7pDwLaM4uCARzxShyAQKsirmlNcpidH89VA4/+K1LbJmRMgz5gy65E/QBBWQdUvGLe2Frg=="],

    "@npmcli/name-from-folder": ["@npmcli/name-from-folder@4.0.0", "", {}, "sha512-qfrhVlOSqmKM8i6rkNdZzABj8MKEITGFAY+4teqBziksCQAOLutiAxM1wY2BKEd8KjUSpWmWCYxvXr0y4VTlPg=="],

    "@npmcli/node-gyp": ["@npmcli/node-gyp@5.0.0", "", {}, "sha512-uuG5HZFXLfyFKqg8QypsmgLQW7smiRjVc45bqD/ofZZcR/uxEjgQU8qDPv0s9TEeMUiAAU/GC5bR6++UdTirIQ=="],

    "@npmcli/package-json": ["@npmcli/package-json@7.0.4", "", { "dependencies": { "@npmcli/git": "^7.0.0", "glob": "^13.0.0", "hosted-git-info": "^9.0.0", "json-parse-even-better-errors": "^5.0.0", "proc-log": "^6.0.0", "semver": "^7.5.3", "validate-npm-package-license": "^3.0.4" } }, "sha512-0wInJG3j/K40OJt/33ax47WfWMzZTm6OQxB9cDhTt5huCP2a9g2GnlsxmfN+PulItNPIpPrZ+kfwwUil7eHcZQ=="],

    "@npmcli/promise-spawn": ["@npmcli/promise-spawn@9.0.1", "", { "dependencies": { "which": "^6.0.0" } }, "sha512-OLUaoqBuyxeTqUvjA3FZFiXUfYC1alp3Sa99gW3EUDz3tZ3CbXDdcZ7qWKBzicrJleIgucoWamWH1saAmH/l2Q=="],

    "@npmcli/query": ["@npmcli/query@4.0.1", "", { "dependencies": { "postcss-selector-parser": "^7.0.0" } }, "sha512-4OIPFb4weUUwkDXJf4Hh1inAn8neBGq3xsH4ZsAaN6FK3ldrFkH7jSpCc7N9xesi0Sp+EBXJ9eGMDrEww2Ztqw=="],

    "@npmcli/redact": ["@npmcli/redact@4.0.0", "", {}, "sha512-gOBg5YHMfZy+TfHArfVogwgfBeQnKbbGo3pSUyK/gSI0AVu+pEiDVcKlQb0D8Mg1LNRZILZ6XG8I5dJ4KuAd9Q=="],

    "@npmcli/run-script": ["@npmcli/run-script@10.0.3", "", { "dependencies": { "@npmcli/node-gyp": "^5.0.0", "@npmcli/package-json": "^7.0.0", "@npmcli/promise-spawn": "^9.0.0", "node-gyp": "^12.1.0", "proc-log": "^6.0.0", "which": "^6.0.0" } }, "sha512-ER2N6itRkzWbbtVmZ9WKaWxVlKlOeBFF1/7xx+KA5J1xKa4JjUwBdb6tDpk0v1qA+d+VDwHI9qmLcXSWcmi+Rw=="],

    "@sigstore/bundle": ["@sigstore/bundle@4.0.0", "", { "dependencies": { "@sigstore/protobuf-specs": "^0.5.0" } }, "sha512-NwCl5Y0V6Di0NexvkTqdoVfmjTaQwoLM236r89KEojGmq/jMls8S+zb7yOwAPdXvbwfKDlP+lmXgAL4vKSQT+A=="],

    "@sigstore/core": ["@sigstore/core@3.0.0", "", {}, "sha512-NgbJ+aW9gQl/25+GIEGYcCyi8M+ng2/5X04BMuIgoDfgvp18vDcoNHOQjQsG9418HGNYRxG3vfEXaR1ayD37gg=="],

    "@sigstore/protobuf-specs": ["@sigstore/protobuf-specs@0.5.0", "", {}, "sha512-MM8XIwUjN2bwvCg1QvrMtbBmpcSHrkhFSCu1D11NyPvDQ25HEc4oG5/OcQfd/Tlf/OxmKWERDj0zGE23jQaMwA=="],

    "@sigstore/sign": ["@sigstore/sign@4.0.1", "", { "dependencies": { "@sigstore/bundle": "^4.0.0", "@sigstore/core": "^3.0.0", "@sigstore/protobuf-specs": "^0.5.0", "make-fetch-happen": "^15.0.2", "proc-log": "^5.0.0", "promise-retry": "^2.0.1" } }, "sha512-KFNGy01gx9Y3IBPG/CergxR9RZpN43N+lt3EozEfeoyqm8vEiLxwRl3ZO5sPx3Obv1ix/p7FWOlPc2Jgwfp9PA=="],

    "@sigstore/tuf": ["@sigstore/tuf@4.0.0", "", { "dependencies": { "@sigstore/protobuf-specs": "^0.5.0", "tuf-js": "^4.0.0" } }, "sha512-0QFuWDHOQmz7t66gfpfNO6aEjoFrdhkJaej/AOqb4kqWZVbPWFZifXZzkxyQBB1OwTbkhdT3LNpMFxwkTvf+2w=="],

    "@sigstore/verify": ["@sigstore/verify@3.0.0", "", { "dependencies": { "@sigstore/bundle": "^4.0.0", "@sigstore/core": "^3.0.0", "@sigstore/protobuf-specs": "^0.5.0" } }, "sha512-moXtHH33AobOhTZF8xcX1MpOFqdvfCk7v6+teJL8zymBiDXwEsQH6XG9HGx2VIxnJZNm4cNSzflTLDnQLmIdmw=="],

    "@trpc/server": ["@trpc/server@11.7.2", "", { "peerDependencies": { "typescript": ">=5.7.2" } }, "sha512-AgB26PXY69sckherIhCacKLY49rxE2XP5h38vr/KMZTbLCL1p8IuIoKPjALTcugC2kbyQ7Lbqo2JDVfRSmPmfQ=="],

    "@tufjs/canonical-json": ["@tufjs/canonical-json@2.0.0", "", {}, "sha512-yVtV8zsdo8qFHe+/3kw81dSLyF7D576A5cCFCi4X7B39tWT7SekaEFUnvnWJHz+9qO7qJTah1JbrDjWKqFtdWA=="],

    "@tufjs/models": ["@tufjs/models@4.0.0", "", { "dependencies": { "@tufjs/canonical-json": "2.0.0", "minimatch": "^9.0.5" } }, "sha512-h5x5ga/hh82COe+GoD4+gKUeV4T3iaYOxqLt41GRKApinPI7DMidhCmNVTjKfhCWFJIGXaFJee07XczdT4jdZQ=="],

    "@types/bun": ["@types/bun@1.3.3", "", { "dependencies": { "bun-types": "1.3.3" } }, "sha512-ogrKbJ2X5N0kWLLFKeytG0eHDleBYtngtlbu9cyBKFtNL3cnpDZkNdQj8flVf6WTZUX5ulI9AY1oa7ljhSrp+g=="],

    "@types/node": ["@types/node@24.10.1", "", { "dependencies": { "undici-types": "~7.16.0" } }, "sha512-GNWcUTRBgIRJD5zj+Tq0fKOJ5XZajIiBroOF0yvj2bSU1WvNdYS/dn9UxwsujGW4JX06dnHyjV2y9rRaybH0iQ=="],

    "abbrev": ["abbrev@3.0.1", "", {}, "sha512-AO2ac6pjRB3SJmGJo+v5/aK6Omggp6fsLrs6wN9bd35ulu4cCwaAU9+7ZhXjeqHVkaHThLuzH0nZr0YpCDhygg=="],

    "agent-base": ["agent-base@7.1.4", "", {}, "sha512-MnA+YT8fwfJPgBx3m60MNqakm30XOkyIoH1y6huTQvC0PwZG7ki8NacLBcrPbNoo8vEZy7Jpuk7+jMO+CUovTQ=="],

    "balanced-match": ["balanced-match@1.0.2", "", {}, "sha512-3oSeUO0TMV67hN1AmbXsK4yaqU7tjiHlbxRDZOpH0KW9+CeX4bRAaX0Anxt0tx2MrpRpWwQaPwIlISEJhYU5Pw=="],

    "bin-links": ["bin-links@6.0.0", "", { "dependencies": { "cmd-shim": "^8.0.0", "npm-normalize-package-bin": "^5.0.0", "proc-log": "^6.0.0", "read-cmd-shim": "^6.0.0", "write-file-atomic": "^7.0.0" } }, "sha512-X4CiKlcV2GjnCMwnKAfbVWpHa++65th9TuzAEYtZoATiOE2DQKhSp4CJlyLoTqdhBKlXjpXjCTYPNNFS33Fi6w=="],

    "biome-config-xaxa": ["biome-config-xaxa@0.2.1", "", { "dependencies": { "@biomejs/biome": "^2", "ultracite": "^5" }, "bin": { "biome-config-xaxa": "src/index.ts" } }, "sha512-tsCS4fsJX4VHdqD5Dv2Lxf9iMd90HWz7+Hm10oMFPOV2KeQLrNn9vczflTSckHruLaGgf49s+1I/pGVmkP1yjQ=="],

    "brace-expansion": ["brace-expansion@2.0.2", "", { "dependencies": { "balanced-match": "^1.0.0" } }, "sha512-Jt0vHyM+jmUBqojB7E1NIYadt0vI0Qxjxd2TErW94wDz+E2LAm5vKMXXwg6ZZBTHPuUlDgQHKXvjGBdfcF1ZDQ=="],

    "bun-types": ["bun-types@1.3.3", "", { "dependencies": { "@types/node": "*" } }, "sha512-z3Xwlg7j2l9JY27x5Qn3Wlyos8YAp0kKRlrePAOjgjMGS5IG6E7Jnlx736vH9UVI4wUICwwhC9anYL++XeOgTQ=="],

    "cacache": ["cacache@20.0.3", "", { "dependencies": { "@npmcli/fs": "^5.0.0", "fs-minipass": "^3.0.0", "glob": "^13.0.0", "lru-cache": "^11.1.0", "minipass": "^7.0.3", "minipass-collect": "^2.0.1", "minipass-flush": "^1.0.5", "minipass-pipeline": "^1.2.4", "p-map": "^7.0.2", "ssri": "^13.0.0", "unique-filename": "^5.0.0" } }, "sha512-3pUp4e8hv07k1QlijZu6Kn7c9+ZpWWk4j3F8N3xPuCExULobqJydKYOTj1FTq58srkJsXvO7LbGAH4C0ZU3WGw=="],

    "chownr": ["chownr@3.0.0", "", {}, "sha512-+IxzY9BZOQd/XuYPRmrvEVjF/nqj5kgT4kEq7VofrDoM1MxoRjEWkrCC3EtLi59TVawxTAn+orJwFQcrqEN1+g=="],

    "ci-info": ["ci-info@4.3.1", "", {}, "sha512-Wdy2Igu8OcBpI2pZePZ5oWjPC38tmDVx5WKUXKwlLYkA0ozo85sLsLvkBbBn/sZaSCMFOGZJ14fvW9t5/d7kdA=="],

    "citty": ["citty@0.1.6", "", { "dependencies": { "consola": "^3.2.3" } }, "sha512-tskPPKEs8D2KPafUypv2gxwJP8h/OaJmC82QQGGDQcHvXX43xF2VDACcJVmZ0EuSxkpO9Kc4MlrA3q0+FG58AQ=="],

    "cmd-shim": ["cmd-shim@8.0.0", "", {}, "sha512-Jk/BK6NCapZ58BKUxlSI+ouKRbjH1NLZCgJkYoab+vEHUY3f6OzpNBN9u7HFSv9J6TRDGs4PLOHezoKGaFRSCA=="],

    "commander": ["commander@14.0.2", "", {}, "sha512-TywoWNNRbhoD0BXs1P3ZEScW8W5iKrnbithIl0YH+uCmBd0QpPOA8yc82DS3BIE5Ma6FnBVUsJ7wVUDz4dvOWQ=="],

    "common-ancestor-path": ["common-ancestor-path@1.0.1", "", {}, "sha512-L3sHRo1pXXEqX8VU28kfgUY+YGsk09hPqZiZmLacNib6XNTCM8ubYeT7ryXQw8asB1sKgcU5lkB7ONug08aB8w=="],

    "confbox": ["confbox@0.2.2", "", {}, "sha512-1NB+BKqhtNipMsov4xI/NnhCKp9XG9NamYp5PVm9klAT0fsrNPjaFICsCFhNhwZJKNh7zB/3q8qXz0E9oaMNtQ=="],

    "consola": ["consola@3.4.2", "", {}, "sha512-5IKcdX0nnYavi6G7TtOhwkYzyjfJlatbjMjuLSfE2kYT5pMDOilZ4OvMhi637CcDICTmz3wARPoyhqyX1Y+XvA=="],

    "cssesc": ["cssesc@3.0.0", "", { "bin": { "cssesc": "bin/cssesc" } }, "sha512-/Tb/JcjK111nNScGob5MNtsntNM1aCNUDipB/TkwZFhyDrrE47SOx/18wF2bbjgc3ZzCSKW1T5nt5EbFoAz/Vg=="],

    "debug": ["debug@4.4.3", "", { "dependencies": { "ms": "^2.1.3" } }, "sha512-RGwwWnwQvkVfavKVt22FGLw+xYSdzARwm0ru6DhTVA3umU5hZc28V3kO4stgYryrTlLpuvgI9GiijltAjNbcqA=="],

    "deepmerge": ["deepmerge@4.3.1", "", {}, "sha512-3sUqbMEc77XqpdNO7FRyRog+eW3ph+GYCbj+rK+uYyRMuwsVy0rMiVtPn+QJlKFvWP/1PYpapqYn0Me2knFn+A=="],

    "encoding": ["encoding@0.1.13", "", { "dependencies": { "iconv-lite": "^0.6.2" } }, "sha512-ETBauow1T35Y/WZMkio9jiM0Z5xjHHmJ4XmjZOq1l/dXz3lr2sRn87nJy20RupqSh1F2m3HHPSp8ShIPQJrJ3A=="],

    "env-paths": ["env-paths@2.2.1", "", {}, "sha512-+h1lkLKhZMTYjog1VEpJNG7NZJWcuc2DDk/qsqSTRRCOXiLjeQ1d1/udrUGhqMxUgAlwKNZ0cf2uqan5GLuS2A=="],

    "err-code": ["err-code@2.0.3", "", {}, "sha512-2bmlRpNKBxT/CRmPOlyISQpNj+qSeYvcym/uT0Jx2bMOlKLtSy1ZmLuVxSEKKyor/N5yhvp/ZiG1oE3DEYMSFA=="],

    "exponential-backoff": ["exponential-backoff@3.1.3", "", {}, "sha512-ZgEeZXj30q+I0EN+CbSSpIyPaJ5HVQD18Z1m+u1FXbAeT94mr1zw50q4q6jiiC447Nl/YTcIYSAftiGqetwXCA=="],

    "exsolve": ["exsolve@1.0.8", "", {}, "sha512-LmDxfWXwcTArk8fUEnOfSZpHOJ6zOMUJKOtFLFqJLoKJetuQG874Uc7/Kki7zFLzYybmZhp1M7+98pfMqeX8yA=="],

    "fdir": ["fdir@6.5.0", "", { "peerDependencies": { "picomatch": "^3 || ^4" }, "optionalPeers": ["picomatch"] }, "sha512-tIbYtZbucOs0BRGqPJkshJUYdL+SDH7dVM8gjy+ERp3WAUjLEFJE+02kanyHtwjWOnwrKYBiwAmM0p4kLJAnXg=="],

    "fs-minipass": ["fs-minipass@3.0.3", "", { "dependencies": { "minipass": "^7.0.3" } }, "sha512-XUBA9XClHbnJWSfBzjkm6RvPsyg3sryZt06BEQoXcF7EK/xpGaQYJgQKDJSUH5SGZ76Y7pFx1QBnXz09rU5Fbw=="],

    "glob": ["glob@13.0.0", "", { "dependencies": { "minimatch": "^10.1.1", "minipass": "^7.1.2", "path-scurry": "^2.0.0" } }, "sha512-tvZgpqk6fz4BaNZ66ZsRaZnbHvP/jG3uKJvAZOwEVUL4RTA5nJeeLYfyN9/VA8NX/V3IBG+hkeuGpKjvELkVhA=="],

    "graceful-fs": ["graceful-fs@4.2.11", "", {}, "sha512-RbJ5/jmFcNNCcDV5o9eTnBLJ/HszWV0P73bc+Ff4nS/rJj+YaS6IGyiOL0VoBYX+l1Wrl3k63h/KrH+nhJ0XvQ=="],

    "hosted-git-info": ["hosted-git-info@9.0.2", "", { "dependencies": { "lru-cache": "^11.1.0" } }, "sha512-M422h7o/BR3rmCQ8UHi7cyyMqKltdP9Uo+J2fXK+RSAY+wTcKOIRyhTuKv4qn+DJf3g+PL890AzId5KZpX+CBg=="],

    "http-cache-semantics": ["http-cache-semantics@4.2.0", "", {}, "sha512-dTxcvPXqPvXBQpq5dUr6mEMJX4oIEFv6bwom3FDwKRDsuIjjJGANqhBuoAn9c1RQJIdAKav33ED65E2ys+87QQ=="],

    "http-proxy-agent": ["http-proxy-agent@7.0.2", "", { "dependencies": { "agent-base": "^7.1.0", "debug": "^4.3.4" } }, "sha512-T1gkAiYYDWYx3V5Bmyu7HcfcvL7mUrTWiM6yOfa3PIphViJ/gFPbvidQ+veqSOHci/PxBcDabeUNCzpOODJZig=="],

    "https-proxy-agent": ["https-proxy-agent@7.0.6", "", { "dependencies": { "agent-base": "^7.1.2", "debug": "4" } }, "sha512-vK9P5/iUfdl95AI+JVyUuIcVtd4ofvtrOr3HNtM2yxC9bnMbEdp3x01OhQNnjb8IJYi38VlTE3mBXwcfvywuSw=="],

    "iconv-lite": ["iconv-lite@0.6.3", "", { "dependencies": { "safer-buffer": ">= 2.1.2 < 3.0.0" } }, "sha512-4fCk79wshMdzMp2rH06qWrJE4iolqLhCUH+OiuIgU++RB0+94NlDL81atO7GX55uUKueo0txHNtvEyI6D7WdMw=="],

    "ignore-walk": ["ignore-walk@8.0.0", "", { "dependencies": { "minimatch": "^10.0.3" } }, "sha512-FCeMZT4NiRQGh+YkeKMtWrOmBgWjHjMJ26WQWrRQyoyzqevdaGSakUaJW5xQYmjLlUVk2qUnCjYVBax9EKKg8A=="],

    "imurmurhash": ["imurmurhash@0.1.4", "", {}, "sha512-JmXMZ6wuvDmLiHEml9ykzqO6lwFbof0GG4IkcGaENdCRDDmMVnny7s5HsIgHCbaq0w2MyPhDqkhTUgS2LU2PHA=="],

    "ini": ["ini@6.0.0", "", {}, "sha512-IBTdIkzZNOpqm7q3dRqJvMaldXjDHWkEDfrwGEQTs5eaQMWV+djAhR+wahyNNMAa+qpbDUhBMVt4ZKNwpPm7xQ=="],

    "ip-address": ["ip-address@10.1.0", "", {}, "sha512-XXADHxXmvT9+CRxhXg56LJovE+bmWnEWB78LB83VZTprKTmaC5QfruXocxzTZ2Kl0DNwKuBdlIhjL8LeY8Sf8Q=="],

    "isexe": ["isexe@3.1.1", "", {}, "sha512-LpB/54B+/2J5hqQ7imZHfdU31OlgQqx7ZicVlkm9kzg9/w8GKLEcFfJl/t7DCEDueOyBAD6zCCwTO6Fzs0NoEQ=="],

    "json-parse-even-better-errors": ["json-parse-even-better-errors@5.0.0", "", {}, "sha512-ZF1nxZ28VhQouRWhUcVlUIN3qwSgPuswK05s/HIaoetAoE/9tngVmCHjSxmSQPav1nd+lPtTL0YZ/2AFdR/iYQ=="],

    "json-stringify-nice": ["json-stringify-nice@1.1.4", "", {}, "sha512-5Z5RFW63yxReJ7vANgW6eZFGWaQvnPE3WNmZoOJrSkGju2etKA2L5rrOa1sm877TVTFt57A80BH1bArcmlLfPw=="],

    "jsonc-parser": ["jsonc-parser@3.3.1", "", {}, "sha512-HUgH65KyejrUFPvHFPbqOY0rsFip3Bo5wb4ngvdi1EpCYWUQDC5V+Y7mZws+DLkr4M//zQJoanu1SP+87Dv1oQ=="],

    "jsonparse": ["jsonparse@1.3.1", "", {}, "sha512-POQXvpdL69+CluYsillJ7SUhKvytYjW9vG/GKpnf+xP8UWgYEM/RaMzHHofbALDiKbbP1W8UEYmgGl39WkPZsg=="],

    "just-diff": ["just-diff@6.0.2", "", {}, "sha512-S59eriX5u3/QhMNq3v/gm8Kd0w8OS6Tz2FS1NG4blv+z0MuQcBRJyFWjdovM0Rad4/P4aUPFtnkNjMjyMlMSYA=="],

    "just-diff-apply": ["just-diff-apply@5.5.0", "", {}, "sha512-OYTthRfSh55WOItVqwpefPtNt2VdKsq5AnAK6apdtR6yCH8pr0CmSr710J0Mf+WdQy7K/OzMy7K2MgAfdQURDw=="],

    "libnpmpack": ["libnpmpack@9.0.10", "", { "dependencies": { "@npmcli/arborist": "^9.1.7", "@npmcli/run-script": "^10.0.0", "npm-package-arg": "^13.0.0", "pacote": "^21.0.2" } }, "sha512-NybhghXECyrW5CjeKrRVzg8m4oRHGNHYShd8Td8YE+g5Ngq8pVnbt/5bHlK5mOX6mfsmrfFHwyNUoMGUZf/V/w=="],

    "libnpmpublish": ["libnpmpublish@11.1.3", "", { "dependencies": { "@npmcli/package-json": "^7.0.0", "ci-info": "^4.0.0", "npm-package-arg": "^13.0.0", "npm-registry-fetch": "^19.0.0", "proc-log": "^6.0.0", "semver": "^7.3.7", "sigstore": "^4.0.0", "ssri": "^13.0.0" } }, "sha512-NVPTth/71cfbdYHqypcO9Lt5WFGTzFEcx81lWd7GDJIgZ95ERdYHGUfCtFejHCyqodKsQkNEx2JCkMpreDty/A=="],

    "lru-cache": ["lru-cache@11.2.2", "", {}, "sha512-F9ODfyqML2coTIsQpSkRHnLSZMtkU8Q+mSfcaIyKwy58u+8k5nvAYeiNhsyMARvzNcXJ9QfWVrcPsC9e9rAxtg=="],

    "make-fetch-happen": ["make-fetch-happen@15.0.3", "", { "dependencies": { "@npmcli/agent": "^4.0.0", "cacache": "^20.0.1", "http-cache-semantics": "^4.1.1", "minipass": "^7.0.2", "minipass-fetch": "^5.0.0", "minipass-flush": "^1.0.5", "minipass-pipeline": "^1.2.4", "negotiator": "^1.0.0", "proc-log": "^6.0.0", "promise-retry": "^2.0.1", "ssri": "^13.0.0" } }, "sha512-iyyEpDty1mwW3dGlYXAJqC/azFn5PPvgKVwXayOGBSmKLxhKZ9fg4qIan2ePpp1vJIwfFiO34LAPZgq9SZW9Aw=="],

    "minimatch": ["minimatch@10.1.1", "", { "dependencies": { "@isaacs/brace-expansion": "^5.0.0" } }, "sha512-enIvLvRAFZYXJzkCYG5RKmPfrFArdLv+R+lbQ53BmIMLIry74bjKzX6iHAm8WYamJkhSSEabrWN5D97XnKObjQ=="],

    "minipass": ["minipass@7.1.2", "", {}, "sha512-qOOzS1cBTWYF4BH8fVePDBOO9iptMnGUEZwNc/cMWnTV2nVLZ7VoNWEPHkYczZA0pdoA7dl6e7FL659nX9S2aw=="],

    "minipass-collect": ["minipass-collect@2.0.1", "", { "dependencies": { "minipass": "^7.0.3" } }, "sha512-D7V8PO9oaz7PWGLbCACuI1qEOsq7UKfLotx/C0Aet43fCUB/wfQ7DYeq2oR/svFJGYDHPr38SHATeaj/ZoKHKw=="],

    "minipass-fetch": ["minipass-fetch@5.0.0", "", { "dependencies": { "minipass": "^7.0.3", "minipass-sized": "^1.0.3", "minizlib": "^3.0.1" }, "optionalDependencies": { "encoding": "^0.1.13" } }, "sha512-fiCdUALipqgPWrOVTz9fw0XhcazULXOSU6ie40DDbX1F49p1dBrSRBuswndTx1x3vEb/g0FT7vC4c4C2u/mh3A=="],

    "minipass-flush": ["minipass-flush@1.0.5", "", { "dependencies": { "minipass": "^3.0.0" } }, "sha512-JmQSYYpPUqX5Jyn1mXaRwOda1uQ8HP5KAT/oDSLCzt1BYRhQU0/hDtsB1ufZfEEzMZ9aAVmsBw8+FWsIXlClWw=="],

    "minipass-pipeline": ["minipass-pipeline@1.2.4", "", { "dependencies": { "minipass": "^3.0.0" } }, "sha512-xuIq7cIOt09RPRJ19gdi4b+RiNvDFYe5JH+ggNvBqGqpQXcru3PcRmOZuHBKWK1Txf9+cQ+HMVN4d6z46LZP7A=="],

    "minipass-sized": ["minipass-sized@1.0.3", "", { "dependencies": { "minipass": "^3.0.0" } }, "sha512-MbkQQ2CTiBMlA2Dm/5cY+9SWFEN8pzzOXi6rlM5Xxq0Yqbda5ZQy9sU75a673FE9ZK0Zsbr6Y5iP6u9nktfg2g=="],

    "minizlib": ["minizlib@3.1.0", "", { "dependencies": { "minipass": "^7.1.2" } }, "sha512-KZxYo1BUkWD2TVFLr0MQoM8vUUigWD3LlD83a/75BqC+4qE0Hb1Vo5v1FgcfaNXvfXzr+5EhQ6ing/CaBijTlw=="],

    "ms": ["ms@2.1.3", "", {}, "sha512-6FlzubTLZG3J2a/NVCAleEhjzq5oxgHyaCU9yYXvcLsvoVaHJq/s5xXI6/XXP6tz7R9xAOtHnSO/tXtF3WRTlA=="],

    "negotiator": ["negotiator@1.0.0", "", {}, "sha512-8Ofs/AUQh8MaEcrlq5xOX0CQ9ypTF5dl78mjlMNfOK08fzpgTHQRQPBxcPlEtIw0yRpws+Zo/3r+5WRby7u3Gg=="],

    "node-gyp": ["node-gyp@12.1.0", "", { "dependencies": { "env-paths": "^2.2.0", "exponential-backoff": "^3.1.1", "graceful-fs": "^4.2.6", "make-fetch-happen": "^15.0.0", "nopt": "^9.0.0", "proc-log": "^6.0.0", "semver": "^7.3.5", "tar": "^7.5.2", "tinyglobby": "^0.2.12", "which": "^6.0.0" }, "bin": { "node-gyp": "bin/node-gyp.js" } }, "sha512-W+RYA8jBnhSr2vrTtlPYPc1K+CSjGpVDRZxcqJcERZ8ND3A1ThWPHRwctTx3qC3oW99jt726jhdz3Y6ky87J4g=="],

    "nopt": ["nopt@8.1.0", "", { "dependencies": { "abbrev": "^3.0.0" }, "bin": { "nopt": "bin/nopt.js" } }, "sha512-ieGu42u/Qsa4TFktmaKEwM6MQH0pOWnaB3htzh0JRtx84+Mebc0cbZYN5bC+6WTZ4+77xrL9Pn5m7CV6VIkV7A=="],

    "npm-bundled": ["npm-bundled@5.0.0", "", { "dependencies": { "npm-normalize-package-bin": "^5.0.0" } }, "sha512-JLSpbzh6UUXIEoqPsYBvVNVmyrjVZ1fzEFbqxKkTJQkWBO3xFzFT+KDnSKQWwOQNbuWRwt5LSD6HOTLGIWzfrw=="],

    "npm-install-checks": ["npm-install-checks@8.0.0", "", { "dependencies": { "semver": "^7.1.1" } }, "sha512-ScAUdMpyzkbpxoNekQ3tNRdFI8SJ86wgKZSQZdUxT+bj0wVFpsEMWnkXP0twVe1gJyNF5apBWDJhhIbgrIViRA=="],

    "npm-normalize-package-bin": ["npm-normalize-package-bin@5.0.0", "", {}, "sha512-CJi3OS4JLsNMmr2u07OJlhcrPxCeOeP/4xq67aWNai6TNWWbTrlNDgl8NcFKVlcBKp18GPj+EzbNIgrBfZhsag=="],

    "npm-package-arg": ["npm-package-arg@13.0.2", "", { "dependencies": { "hosted-git-info": "^9.0.0", "proc-log": "^6.0.0", "semver": "^7.3.5", "validate-npm-package-name": "^7.0.0" } }, "sha512-IciCE3SY3uE84Ld8WZU23gAPPV9rIYod4F+rc+vJ7h7cwAJt9Vk6TVsK60ry7Uj3SRS3bqRRIGuTp9YVlk6WNA=="],

    "npm-packlist": ["npm-packlist@10.0.3", "", { "dependencies": { "ignore-walk": "^8.0.0", "proc-log": "^6.0.0" } }, "sha512-zPukTwJMOu5X5uvm0fztwS5Zxyvmk38H/LfidkOMt3gbZVCyro2cD/ETzwzVPcWZA3JOyPznfUN/nkyFiyUbxg=="],

    "npm-pick-manifest": ["npm-pick-manifest@11.0.3", "", { "dependencies": { "npm-install-checks": "^8.0.0", "npm-normalize-package-bin": "^5.0.0", "npm-package-arg": "^13.0.0", "semver": "^7.3.5" } }, "sha512-buzyCfeoGY/PxKqmBqn1IUJrZnUi1VVJTdSSRPGI60tJdUhUoSQFhs0zycJokDdOznQentgrpf8LayEHyyYlqQ=="],

    "npm-registry-fetch": ["npm-registry-fetch@19.1.1", "", { "dependencies": { "@npmcli/redact": "^4.0.0", "jsonparse": "^1.3.1", "make-fetch-happen": "^15.0.0", "minipass": "^7.0.2", "minipass-fetch": "^5.0.0", "minizlib": "^3.0.1", "npm-package-arg": "^13.0.0", "proc-log": "^6.0.0" } }, "sha512-TakBap6OM1w0H73VZVDf44iFXsOS3h+L4wVMXmbWOQroZgFhMch0juN6XSzBNlD965yIKvWg2dfu7NSiaYLxtw=="],

    "nypm": ["nypm@0.6.2", "", { "dependencies": { "citty": "^0.1.6", "consola": "^3.4.2", "pathe": "^2.0.3", "pkg-types": "^2.3.0", "tinyexec": "^1.0.1" }, "bin": { "nypm": "dist/cli.mjs" } }, "sha512-7eM+hpOtrKrBDCh7Ypu2lJ9Z7PNZBdi/8AT3AX8xoCj43BBVHD0hPSTEvMtkMpfs8FCqBGhxB+uToIQimA111g=="],

    "p-map": ["p-map@7.0.4", "", {}, "sha512-tkAQEw8ysMzmkhgw8k+1U/iPhWNhykKnSk4Rd5zLoPJCuJaGRPo6YposrZgaxHKzDHdDWWZvE/Sk7hsL2X/CpQ=="],

    "pacote": ["pacote@21.0.4", "", { "dependencies": { "@npmcli/git": "^7.0.0", "@npmcli/installed-package-contents": "^4.0.0", "@npmcli/package-json": "^7.0.0", "@npmcli/promise-spawn": "^9.0.0", "@npmcli/run-script": "^10.0.0", "cacache": "^20.0.0", "fs-minipass": "^3.0.0", "minipass": "^7.0.2", "npm-package-arg": "^13.0.0", "npm-packlist": "^10.0.1", "npm-pick-manifest": "^11.0.1", "npm-registry-fetch": "^19.0.0", "proc-log": "^6.0.0", "promise-retry": "^2.0.1", "sigstore": "^4.0.0", "ssri": "^13.0.0", "tar": "^7.4.3" }, "bin": { "pacote": "bin/index.js" } }, "sha512-RplP/pDW0NNNDh3pnaoIWYPvNenS7UqMbXyvMqJczosiFWTeGGwJC2NQBLqKf4rGLFfwCOnntw1aEp9Jiqm1MA=="],

    "parse-conflict-json": ["parse-conflict-json@5.0.1", "", { "dependencies": { "json-parse-even-better-errors": "^5.0.0", "just-diff": "^6.0.0", "just-diff-apply": "^5.2.0" } }, "sha512-ZHEmNKMq1wyJXNwLxyHnluPfRAFSIliBvbK/UiOceROt4Xh9Pz0fq49NytIaeaCUf5VR86hwQ/34FCcNU5/LKQ=="],

    "path-scurry": ["path-scurry@2.0.1", "", { "dependencies": { "lru-cache": "^11.0.0", "minipass": "^7.1.2" } }, "sha512-oWyT4gICAu+kaA7QWk/jvCHWarMKNs6pXOGWKDTr7cw4IGcUbW+PeTfbaQiLGheFRpjo6O9J0PmyMfQPjH71oA=="],

    "pathe": ["pathe@2.0.3", "", {}, "sha512-WUjGcAqP1gQacoQe+OBJsFA7Ld4DyXuUIjZ5cc75cLHvJ7dtNsTugphxIADwspS+AraAUePCKrSVtPLFj/F88w=="],

    "picocolors": ["picocolors@1.1.1", "", {}, "sha512-xceH2snhtb5M9liqDsmEw56le376mTZkEX/jEb/RxNFyegNul7eNslCXP9FDj/Lcu0X8KEyMceP2ntpaHrDEVA=="],

    "picomatch": ["picomatch@4.0.3", "", {}, "sha512-5gTmgEY/sqK6gFXLIsQNH19lWb4ebPDLA4SdLP7dsWkIXHWlG66oPuVvXSGFPppYZz8ZDZq0dYYrbHfBCVUb1Q=="],

    "pkg-types": ["pkg-types@2.3.0", "", { "dependencies": { "confbox": "^0.2.2", "exsolve": "^1.0.7", "pathe": "^2.0.3" } }, "sha512-SIqCzDRg0s9npO5XQ3tNZioRY1uK06lA41ynBC1YmFTmnY6FjUjVt6s4LoADmwoig1qqD0oK8h1p/8mlMx8Oig=="],

    "postcss-selector-parser": ["postcss-selector-parser@7.1.0", "", { "dependencies": { "cssesc": "^3.0.0", "util-deprecate": "^1.0.2" } }, "sha512-8sLjZwK0R+JlxlYcTuVnyT2v+htpdrjDOKuMcOVdYjt52Lh8hWRYpxBPoKx/Zg+bcjc3wx6fmQevMmUztS/ccA=="],

    "proc-log": ["proc-log@6.0.0", "", {}, "sha512-KG/XsTDN901PNfPfAMmj6N/Ywg9tM+bHK8pAz+27fS4N4Pcr+4zoYBOcGSBu6ceXYNPxkLpa4ohtfxV1XcLAfA=="],

    "proggy": ["proggy@3.0.0", "", {}, "sha512-QE8RApCM3IaRRxVzxrjbgNMpQEX6Wu0p0KBeoSiSEw5/bsGwZHsshF4LCxH2jp/r6BU+bqA3LrMDEYNfJnpD8Q=="],

    "promise-all-reject-late": ["promise-all-reject-late@1.0.1", "", {}, "sha512-vuf0Lf0lOxyQREH7GDIOUMLS7kz+gs8i6B+Yi8dC68a2sychGrHTJYghMBD6k7eUcH0H5P73EckCA48xijWqXw=="],

    "promise-call-limit": ["promise-call-limit@3.0.2", "", {}, "sha512-mRPQO2T1QQVw11E7+UdCJu7S61eJVWknzml9sC1heAdj1jxl0fWMBypIt9ZOcLFf8FkG995ZD7RnVk7HH72fZw=="],

    "promise-retry": ["promise-retry@2.0.1", "", { "dependencies": { "err-code": "^2.0.2", "retry": "^0.12.0" } }, "sha512-y+WKFlBR8BGXnsNlIHFGPZmyDf3DFMoLhaflAnyZgV6rG6xu+JwesTo2Q9R6XwYmtmwAFCkAk3e35jEdoeh/3g=="],

    "read-cmd-shim": ["read-cmd-shim@6.0.0", "", {}, "sha512-1zM5HuOfagXCBWMN83fuFI/x+T/UhZ7k+KIzhrHXcQoeX5+7gmaDYjELQHmmzIodumBHeByBJT4QYS7ufAgs7A=="],

    "retry": ["retry@0.12.0", "", {}, "sha512-9LkiTwjUh6rT555DtE9rTX+BKByPfrMzEAtnlEtdEwr3Nkffwiihqe2bWADg+OQRjt9gl6ICdmB/ZFDCGAtSow=="],

    "safer-buffer": ["safer-buffer@2.1.2", "", {}, "sha512-YZo3K82SD7Riyi0E1EQPojLz7kpepnSQI9IyPbHHg1XXXevb5dJI7tpyN2ADxGcQbHG7vcyRHk0cbwqcQriUtg=="],

    "semver": ["semver@7.7.3", "", { "bin": { "semver": "bin/semver.js" } }, "sha512-SdsKMrI9TdgjdweUSR9MweHA4EJ8YxHn8DFaDisvhVlUOe4BF1tLD7GAj0lIqWVl+dPb/rExr0Btby5loQm20Q=="],

    "signal-exit": ["signal-exit@4.1.0", "", {}, "sha512-bzyZ1e88w9O1iNJbKnOlvYTrWPDl46O1bG0D3XInv+9tkPrxrN8jUUTiFlDkkmKWgn1M6CfIA13SuGqOa9Korw=="],

    "sigstore": ["sigstore@4.0.0", "", { "dependencies": { "@sigstore/bundle": "^4.0.0", "@sigstore/core": "^3.0.0", "@sigstore/protobuf-specs": "^0.5.0", "@sigstore/sign": "^4.0.0", "@sigstore/tuf": "^4.0.0", "@sigstore/verify": "^3.0.0" } }, "sha512-Gw/FgHtrLM9WP8P5lLcSGh9OQcrTruWCELAiS48ik1QbL0cH+dfjomiRTUE9zzz+D1N6rOLkwXUvVmXZAsNE0Q=="],

    "sisteransi": ["sisteransi@1.0.5", "", {}, "sha512-bLGGlR1QxBcynn2d5YmDX4MGjlZvy2MRBDRNHLJ8VI6l6+9FUiyTFNJ0IveOSP0bcXgVDPRcfGqA0pjaqUpfVg=="],

    "smart-buffer": ["smart-buffer@4.2.0", "", {}, "sha512-94hK0Hh8rPqQl2xXc3HsaBoOXKV20MToPkcXvwbISWLEs+64sBq5kFgn2kJDHb1Pry9yrP0dxrCI9RRci7RXKg=="],

    "socks": ["socks@2.8.7", "", { "dependencies": { "ip-address": "^10.0.1", "smart-buffer": "^4.2.0" } }, "sha512-HLpt+uLy/pxB+bum/9DzAgiKS8CX1EvbWxI4zlmgGCExImLdiad2iCwXT5Z4c9c3Eq8rP2318mPW2c+QbtjK8A=="],

    "socks-proxy-agent": ["socks-proxy-agent@8.0.5", "", { "dependencies": { "agent-base": "^7.1.2", "debug": "^4.3.4", "socks": "^2.8.3" } }, "sha512-HehCEsotFqbPW9sJ8WVYB6UbmIMv7kUUORIF2Nncq4VQvBfNBLibW9YZR5dlYCSUhwcD628pRllm7n+E+YTzJw=="],

    "spdx-correct": ["spdx-correct@3.2.0", "", { "dependencies": { "spdx-expression-parse": "^3.0.0", "spdx-license-ids": "^3.0.0" } }, "sha512-kN9dJbvnySHULIluDHy32WHRUu3Og7B9sbY7tsFLctQkIqnMh3hErYgdMjTYuqmcXX+lK5T1lnUt3G7zNswmZA=="],

    "spdx-exceptions": ["spdx-exceptions@2.5.0", "", {}, "sha512-PiU42r+xO4UbUS1buo3LPJkjlO7430Xn5SVAhdpzzsPHsjbYVflnnFdATgabnLude+Cqu25p6N+g2lw/PFsa4w=="],

    "spdx-expression-parse": ["spdx-expression-parse@3.0.1", "", { "dependencies": { "spdx-exceptions": "^2.1.0", "spdx-license-ids": "^3.0.0" } }, "sha512-cbqHunsQWnJNE6KhVSMsMeH5H/L9EpymbzqTQ3uLwNCLZ1Q481oWaofqH7nO6V07xlXwY6PhQdQ2IedWx/ZK4Q=="],

    "spdx-license-ids": ["spdx-license-ids@3.0.22", "", {}, "sha512-4PRT4nh1EImPbt2jASOKHX7PB7I+e4IWNLvkKFDxNhJlfjbYlleYQh285Z/3mPTHSAK/AvdMmw5BNNuYH8ShgQ=="],

    "ssri": ["ssri@13.0.0", "", { "dependencies": { "minipass": "^7.0.3" } }, "sha512-yizwGBpbCn4YomB2lzhZqrHLJoqFGXihNbib3ozhqF/cIp5ue+xSmOQrjNasEE62hFxsCcg/V/z23t4n8jMEng=="],

    "tar": ["tar@7.5.2", "", { "dependencies": { "@isaacs/fs-minipass": "^4.0.0", "chownr": "^3.0.0", "minipass": "^7.1.2", "minizlib": "^3.1.0", "yallist": "^5.0.0" } }, "sha512-7NyxrTE4Anh8km8iEy7o0QYPs+0JKBTj5ZaqHg6B39erLg0qYXN3BijtShwbsNSvQ+LN75+KV+C4QR/f6Gwnpg=="],

    "tinyexec": ["tinyexec@1.0.2", "", {}, "sha512-W/KYk+NFhkmsYpuHq5JykngiOCnxeVL8v8dFnqxSD8qEEdRfXk1SDM6JzNqcERbcGYj9tMrDQBYV9cjgnunFIg=="],

    "tinyglobby": ["tinyglobby@0.2.15", "", { "dependencies": { "fdir": "^6.5.0", "picomatch": "^4.0.3" } }, "sha512-j2Zq4NyQYG5XMST4cbs02Ak8iJUdxRM0XI5QyxXuZOzKOINmWurp3smXu3y5wDcJrptwpSjgXHzIQxR0omXljQ=="],

    "treeverse": ["treeverse@3.0.0", "", {}, "sha512-gcANaAnd2QDZFmHFEOF4k7uc1J/6a6z3DJMd/QwEyxLoKGiptJRwid582r7QIsFlFMIZ3SnxfS52S4hm2DHkuQ=="],

    "trpc-cli": ["trpc-cli@0.11.0", "", { "dependencies": { "commander": "^14.0.0" }, "peerDependencies": { "@orpc/server": "^1.0.0", "@trpc/server": "^10.45.2 || ^11.0.1", "@valibot/to-json-schema": "^1.1.0", "effect": "^3.14.2 || ^4.0.0", "valibot": "^1.1.0", "zod": "^3.24.0 || ^4.0.0" }, "optionalPeers": ["@orpc/server", "@trpc/server", "@valibot/to-json-schema", "effect", "valibot", "zod"], "bin": { "trpc-cli": "dist/bin.js" } }, "sha512-cFt5LVl1EzwmhZtWa6xPBWr6rgLXGgEOqmcTMIYcI6fLQE1REgu6tS55LmqUJs5kVSXrOd1z5/aufJS71xUUyA=="],

    "tuf-js": ["tuf-js@4.0.0", "", { "dependencies": { "@tufjs/models": "4.0.0", "debug": "^4.4.1", "make-fetch-happen": "^15.0.0" } }, "sha512-Lq7ieeGvXDXwpoSmOSgLWVdsGGV9J4a77oDTAPe/Ltrqnnm/ETaRlBAQTH5JatEh8KXuE6sddf9qAv1Q2282Hg=="],

    "typescript": ["typescript@5.9.3", "", { "bin": { "tsc": "bin/tsc", "tsserver": "bin/tsserver" } }, "sha512-jl1vZzPDinLr9eUt3J/t7V6FgNEw9QjvBPdysz9KfQDD41fQrC2Y4vKQdiaUpFT4bXlb1RHhLpp8wtm6M5TgSw=="],

    "ultracite": ["ultracite@5.6.4", "", { "dependencies": { "@clack/prompts": "^0.11.0", "@trpc/server": "^11.6.0", "deepmerge": "^4.3.1", "jsonc-parser": "^3.3.1", "nypm": "^0.6.2", "trpc-cli": "^0.11.0", "zod": "^4.1.12" }, "bin": { "ultracite": "dist/index.js" } }, "sha512-Ejgh8uYhqgV1QzKAE1vwRHHu24mTCg43DLOJG+gXi7hHSAPAWdDEs9fgBiuYZxH2bsQiWSsEF6hMv5aLJuM6/w=="],

    "undici-types": ["undici-types@7.16.0", "", {}, "sha512-Zz+aZWSj8LE6zoxD+xrjh4VfkIG8Ya6LvYkZqtUQGJPZjYl53ypCaUwWqo7eI0x66KBGeRo+mlBEkMSeSZ38Nw=="],

    "unique-filename": ["unique-filename@5.0.0", "", { "dependencies": { "unique-slug": "^6.0.0" } }, "sha512-2RaJTAvAb4owyjllTfXzFClJ7WsGxlykkPvCr9pA//LD9goVq+m4PPAeBgNodGZ7nSrntT/auWpJ6Y5IFXcfjg=="],

    "unique-slug": ["unique-slug@6.0.0", "", { "dependencies": { "imurmurhash": "^0.1.4" } }, "sha512-4Lup7Ezn8W3d52/xBhZBVdx323ckxa7DEvd9kPQHppTkLoJXw6ltrBCyj5pnrxj0qKDxYMJ56CoxNuFCscdTiw=="],

    "util-deprecate": ["util-deprecate@1.0.2", "", {}, "sha512-EPD5q1uXyFxJpCrLnCc1nHnq3gOa6DZBocAIiI2TaSCA7VCJ1UJDMagCzIkXNsUYfD1daK//LTEQ8xiIbrHtcw=="],

    "validate-npm-package-license": ["validate-npm-package-license@3.0.4", "", { "dependencies": { "spdx-correct": "^3.0.0", "spdx-expression-parse": "^3.0.0" } }, "sha512-DpKm2Ui/xN7/HQKCtpZxoRWBhZ9Z0kqtygG8XCgNQ8ZlDnxuQmWhj566j8fN4Cu3/JmbhsDo7fcAJq4s9h27Ew=="],

    "validate-npm-package-name": ["validate-npm-package-name@7.0.0", "", {}, "sha512-bwVk/OK+Qu108aJcMAEiU4yavHUI7aN20TgZNBj9MR2iU1zPUl1Z1Otr7771ExfYTPTvfN8ZJ1pbr5Iklgt4xg=="],

    "walk-up-path": ["walk-up-path@4.0.0", "", {}, "sha512-3hu+tD8YzSLGuFYtPRb48vdhKMi0KQV5sn+uWr8+7dMEq/2G/dtLrdDinkLjqq5TIbIBjYJ4Ax/n3YiaW7QM8A=="],

    "which": ["which@6.0.0", "", { "dependencies": { "isexe": "^3.1.1" }, "bin": { "node-which": "bin/which.js" } }, "sha512-f+gEpIKMR9faW/JgAgPK1D7mekkFoqbmiwvNzuhsHetni20QSgzg9Vhn0g2JSJkkfehQnqdUAx7/e15qS1lPxg=="],

    "write-file-atomic": ["write-file-atomic@7.0.0", "", { "dependencies": { "imurmurhash": "^0.1.4", "signal-exit": "^4.0.1" } }, "sha512-YnlPC6JqnZl6aO4uRc+dx5PHguiR9S6WeoLtpxNT9wIG+BDya7ZNE1q7KOjVgaA73hKhKLpVPgJ5QA9THQ5BRg=="],

    "yallist": ["yallist@5.0.0", "", {}, "sha512-YgvUTfwqyc7UXVMrB+SImsVYSmTS8X/tSrtdNZMImM+n7+QTriRXyXim0mBrTXNeqzVF0KWGgHPeiyViFFrNDw=="],

    "zod": ["zod@4.1.12", "", {}, "sha512-JInaHOamG8pt5+Ey8kGmdcAcg3OL9reK8ltczgHTAwNhMys/6ThXHityHxVV2p3fkw/c+MAvBHFVYHFZDmjMCQ=="],

    "@sigstore/sign/proc-log": ["proc-log@5.0.0", "", {}, "sha512-Azwzvl90HaF0aCz1JrDdXQykFakSSNPaPoiZ9fm5qJIMHioDZEi7OAdRwSm6rSoPtY3Qutnm3L7ogmg3dc+wbQ=="],

    "@tufjs/models/minimatch": ["minimatch@9.0.5", "", { "dependencies": { "brace-expansion": "^2.0.1" } }, "sha512-G6T0ZX48xgozx7587koeX9Ys2NYy6Gmv//P89sEte9V9whIapMNF4idKxnW2QtCcLiTWlb/wfCabAtAFWhhBow=="],

    "cacache/@npmcli/fs": ["@npmcli/fs@5.0.0", "", { "dependencies": { "semver": "^7.3.5" } }, "sha512-7OsC1gNORBEawOa5+j2pXN9vsicaIOH5cPXxoR6fJOmH6/EXpJB2CajXOu1fPRFun2m1lktEFX11+P89hqO/og=="],

    "minipass-flush/minipass": ["minipass@3.3.6", "", { "dependencies": { "yallist": "^4.0.0" } }, "sha512-DxiNidxSEK+tHG6zOIklvNOwm3hvCrbUrdtzY74U6HKTJxvIDfOUL5W5P2Ghd3DTkhhKPYGqeNUIh5qcM4YBfw=="],

    "minipass-pipeline/minipass": ["minipass@3.3.6", "", { "dependencies": { "yallist": "^4.0.0" } }, "sha512-DxiNidxSEK+tHG6zOIklvNOwm3hvCrbUrdtzY74U6HKTJxvIDfOUL5W5P2Ghd3DTkhhKPYGqeNUIh5qcM4YBfw=="],

    "minipass-sized/minipass": ["minipass@3.3.6", "", { "dependencies": { "yallist": "^4.0.0" } }, "sha512-DxiNidxSEK+tHG6zOIklvNOwm3hvCrbUrdtzY74U6HKTJxvIDfOUL5W5P2Ghd3DTkhhKPYGqeNUIh5qcM4YBfw=="],

    "node-gyp/nopt": ["nopt@9.0.0", "", { "dependencies": { "abbrev": "^4.0.0" }, "bin": { "nopt": "bin/nopt.js" } }, "sha512-Zhq3a+yFKrYwSBluL4H9XP3m3y5uvQkB/09CwDruCiRmR/UJYnn9W4R48ry0uGC70aeTPKLynBtscP9efFFcPw=="],

    "minipass-flush/minipass/yallist": ["yallist@4.0.0", "", {}, "sha512-3wdGidZyq5PB084XLES5TpOSRA3wjXAlIWMhum2kRcv/41Sn2emQ0dycQW4uZXLejwKvg6EsvbdlVL+FYEct7A=="],

    "minipass-pipeline/minipass/yallist": ["yallist@4.0.0", "", {}, "sha512-3wdGidZyq5PB084XLES5TpOSRA3wjXAlIWMhum2kRcv/41Sn2emQ0dycQW4uZXLejwKvg6EsvbdlVL+FYEct7A=="],

    "minipass-sized/minipass/yallist": ["yallist@4.0.0", "", {}, "sha512-3wdGidZyq5PB084XLES5TpOSRA3wjXAlIWMhum2kRcv/41Sn2emQ0dycQW4uZXLejwKvg6EsvbdlVL+FYEct7A=="],

    "node-gyp/nopt/abbrev": ["abbrev@4.0.0", "", {}, "sha512-a1wflyaL0tHtJSmLSOVybYhy22vRih4eduhhrkcjgrWGnRfrZtovJ2FRjxuTtkkj47O/baf0R86QU5OuYpz8fA=="],
  }
}
