{
  "lockfileVersion": 1,
  "configVersion": 1,
  "workspaces": {
    "": {
      "name": "foobar",
      "dependencies": {
        "@hono/hono": "npm:@jsr/hono__hono@4.6",
        "@tunnckocore/foo-bar-baz-qux": "npm:@jsr/tunnckocore__foo-bar-baz-qux@^0.3",
      },
      "devDependencies": {
        "@types/bun": "latest",
      },
      "peerDependencies": {
        "typescript": "^5",
      },
    },
  },
  "packages": {
    "@hono/hono": ["@jsr/hono__hono@4.6.20", "https://npm.jsr.io/~/11/@jsr/hono__hono/4.6.20.tgz", {}, "sha512-8y8MD+QXLvPkbjTgsjuQRVtSDUk1DlGTmerVOmzoJZfvSx3pBEUx70ZdYk41Z+XatbMoK1IxkanFruFvKrdVrg=="],

    "@tunnckocore/foo-bar-baz-qux": ["@jsr/tunnckocore__foo-bar-baz-qux@0.3.2", "https://npm.jsr.io/~/11/@jsr/tunnckocore__foo-bar-baz-qux/0.3.2.tgz", {}, "sha512-piiFmOJTF7cCCC8FXqVpbU8r4rIVx7w2kwEV/zfJE9GSMukpRimUeNC8esx4rZX/FVOEDpouzhmBnqjeVvLxfA=="],

    "@types/bun": ["@types/bun@1.3.3", "", { "dependencies": { "bun-types": "1.3.3" } }, "sha512-ogrKbJ2X5N0kWLLFKeytG0eHDleBYtngtlbu9cyBKFtNL3cnpDZkNdQj8flVf6WTZUX5ulI9AY1oa7ljhSrp+g=="],

    "@types/node": ["@types/node@24.10.1", "", { "dependencies": { "undici-types": "~7.16.0" } }, "sha512-GNWcUTRBgIRJD5zj+Tq0fKOJ5XZajIiBroOF0yvj2bSU1WvNdYS/dn9UxwsujGW4JX06dnHyjV2y9rRaybH0iQ=="],

    "bun-types": ["bun-types@1.3.3", "", { "dependencies": { "@types/node": "*" } }, "sha512-z3Xwlg7j2l9JY27x5Qn3Wlyos8YAp0kKRlrePAOjgjMGS5IG6E7Jnlx736vH9UVI4wUICwwhC9anYL++XeOgTQ=="],

    "typescript": ["typescript@5.9.3", "", { "bin": { "tsc": "bin/tsc", "tsserver": "bin/tsserver" } }, "sha512-jl1vZzPDinLr9eUt3J/t7V6FgNEw9QjvBPdysz9KfQDD41fQrC2Y4vKQdiaUpFT4bXlb1RHhLpp8wtm6M5TgSw=="],

    "undici-types": ["undici-types@7.16.0", "", {}, "sha512-Zz+aZWSj8LE6zoxD+xrjh4VfkIG8Ya6LvYkZqtUQGJPZjYl53ypCaUwWqo7eI0x66KBGeRo+mlBEkMSeSZ38Nw=="],
  }
}
